<?xml version="1.0" encoding="utf-8"?>
<Project ToolsVersion="4.0" xmlns="http://schemas.microsoft.com/developer/msbuild/2003">
  <ItemGroup>
    <Filter Include="Quelldateien">
      <UniqueIdentifier>{4FC737F1-C7A5-4376-A066-2A32D752A2FF}</UniqueIdentifier>
      <Extensions>cpp;c;cc;cxx;c++;cppm;ixx;def;odl;idl;hpj;bat;asm;asmx</Extensions>
    </Filter>
    <Filter Include="Headerdateien">
      <UniqueIdentifier>{93995380-89BD-4b04-88EB-625FBE52EBFB}</UniqueIdentifier>
      <Extensions>h;hh;hpp;hxx;h++;hm;inl;inc;ipp;xsd</Extensions>
    </Filter>
    <Filter Include="Ressourcendateien">
      <UniqueIdentifier>{67DA6AB6-F800-4c08-8B7A-83BB121AAD01}</UniqueIdentifier>
      <Extensions>rc;ico;cur;bmp;dlg;rc2;rct;bin;rgs;gif;jpg;jpeg;jpe;resx;tiff;tif;png;wav;mfcribbon-ms</Extensions>
    </Filter>
  </ItemGroup>
  <ItemGroup>
    <ClCompile Include="main.cpp" />
    <ClCompile Include="player.cpp">
      <Filter>Quelldateien</Filter>
    </ClCompile>
    <ClCompile Include="game.cpp">
      <Filter>Quelldateien</Filter>
    </ClCompile>
    <ClCompile Include="bullet.cpp">
      <Filter>Quelldateien</Filter>
    </ClCompile>
    <ClCompile Include="camera.cpp">
      <Filter>Quelldateien</Filter>
    </ClCompile>
    <ClCompile Include="enemy.cpp">
      <Filter>Quelldateien</Filter>
    </ClCompile>
    <ClCompile Include="button.cpp">
      <Filter>Quelldateien</Filter>
    </ClCompile>
    <ClCompile Include="Weapon.cpp">
      <Filter>Quelldateien</Filter>
    </ClCompile>
    <ClCompile Include="WeaponType.hpp">
      <Filter>Headerdateien</Filter>
    </ClCompile>
    <ClCompile Include="Level.cpp">
      <Filter>Quelldateien</Filter>
    </ClCompile>
    <ClCompile Include="XP.cpp">
      <Filter>Quelldateien</Filter>
    </ClCompile>
    <ClCompile Include="XPType.hpp">
      <Filter>Headerdateien</Filter>
    </ClCompile>
    <ClCompile Include="MineField.cpp">
      <Filter>Quelldateien</Filter>
    </ClCompile>
  </ItemGroup>
  <ItemGroup>
    <ClInclude Include="player.hpp">
      <Filter>Headerdateien</Filter>
    </ClInclude>
    <ClInclude Include="game.hpp">
      <Filter>Headerdateien</Filter>
    </ClInclude>
    <ClInclude Include="bullet.hpp">
      <Filter>Headerdateien</Filter>
    </ClInclude>
    <ClInclude Include="camera.hpp">
      <Filter>Headerdateien</Filter>
    </ClInclude>
    <ClInclude Include="enemy.hpp">
      <Filter>Headerdateien</Filter>
    </ClInclude>
    <ClInclude Include="button.hpp">
      <Filter>Headerdateien</Filter>
    </ClInclude>
    <ClInclude Include="Weapon.hpp">
      <Filter>Headerdateien</Filter>
    </ClInclude>
    <ClInclude Include="GameState.hpp">
      <Filter>Headerdateien</Filter>
    </ClInclude>
    <ClInclude Include="Level.hpp">
      <Filter>Headerdateien</Filter>
    </ClInclude>
    <ClInclude Include="XP.hpp">
      <Filter>Headerdateien</Filter>
    </ClInclude>
    <ClInclude Include="MineField.hpp">
      <Filter>Headerdateien</Filter>
    </ClInclude>
  </ItemGroup>
</Project>